
Microsoft Visual Studio Solution File, Format Version 12.00
# Visual Studio Version 17
VisualStudioVersion = 17.0.31903.59
MinimumVisualStudioVersion = 10.0.40219.1
Project("{FAE04EC0-301F-11D3-BF4B-00C04F79EFBC}") = "server", "server\server.csproj", "{D32211A3-4FE7-40CE-A965-C03A0B0F7628}"
EndProject
Project("{FAE04EC0-301F-11D3-BF4B-00C04F79EFBC}") = "gen", "gen\gen.csproj", "{9F3B5150-9AE3-4ED1-AD6F-A92667C8A35B}"
EndProject
Project("{FAE04EC0-301F-11D3-BF4B-00C04F79EFBC}") = "Database", "Database\Database.csproj", "{04267760-4517-486A-A463-1AA24C27C5B5}"
EndProject
Project("{FAE04EC0-301F-11D3-BF4B-00C04F79EFBC}") = "seed", "seed\seed.csproj", "{9880E8C1-F350-43D2-9E88-812BA125A076}"
EndProject
Project("{2150E333-8FDC-42A3-9474-1A3956D46DE8}") = "fstr", "fstr", "{4E8C9A1D-1B80-49FA-A5C3-0376C1E7B100}"
EndProject
Project("{FAE04EC0-301F-11D3-BF4B-00C04F79EFBC}") = "fstr", "fstr\fstr\fstr.csproj", "{F708A586-ADA9-4DE3-96BF-3E763B2E921E}"
EndProject
Project("{FAE04EC0-301F-11D3-BF4B-00C04F79EFBC}") = "fstrbench", "fstr\fstrbench\fstrbench.csproj", "{B48E3B24-00FB-45D7-96FD-768E46A5043A}"
EndProject
Project("{FAE04EC0-301F-11D3-BF4B-00C04F79EFBC}") = "fstrex", "fstr\fstrex\fstrex.csproj", "{89210046-FEF2-4339-B93A-82F49C761E2E}"
EndProject
Global
	GlobalSection(SolutionConfigurationPlatforms) = preSolution
		Debug|Any CPU = Debug|Any CPU
		Release|Any CPU = Release|Any CPU
	EndGlobalSection
	GlobalSection(SolutionProperties) = preSolution
		HideSolutionNode = FALSE
	EndGlobalSection
	GlobalSection(ProjectConfigurationPlatforms) = postSolution
		{D32211A3-4FE7-40CE-A965-C03A0B0F7628}.Debug|Any CPU.ActiveCfg = Debug|Any CPU
		{D32211A3-4FE7-40CE-A965-C03A0B0F7628}.Debug|Any CPU.Build.0 = Debug|Any CPU
		{D32211A3-4FE7-40CE-A965-C03A0B0F7628}.Release|Any CPU.ActiveCfg = Release|Any CPU
		{D32211A3-4FE7-40CE-A965-C03A0B0F7628}.Release|Any CPU.Build.0 = Release|Any CPU
		{9F3B5150-9AE3-4ED1-AD6F-A92667C8A35B}.Debug|Any CPU.ActiveCfg = Debug|Any CPU
		{9F3B5150-9AE3-4ED1-AD6F-A92667C8A35B}.Debug|Any CPU.Build.0 = Debug|Any CPU
		{9F3B5150-9AE3-4ED1-AD6F-A92667C8A35B}.Release|Any CPU.ActiveCfg = Release|Any CPU
		{9F3B5150-9AE3-4ED1-AD6F-A92667C8A35B}.Release|Any CPU.Build.0 = Release|Any CPU
		{04267760-4517-486A-A463-1AA24C27C5B5}.Debug|Any CPU.ActiveCfg = Debug|Any CPU
		{04267760-4517-486A-A463-1AA24C27C5B5}.Debug|Any CPU.Build.0 = Debug|Any CPU
		{04267760-4517-486A-A463-1AA24C27C5B5}.Release|Any CPU.ActiveCfg = Release|Any CPU
		{04267760-4517-486A-A463-1AA24C27C5B5}.Release|Any CPU.Build.0 = Release|Any CPU
		{9880E8C1-F350-43D2-9E88-812BA125A076}.Debug|Any CPU.ActiveCfg = Debug|Any CPU
		{9880E8C1-F350-43D2-9E88-812BA125A076}.Debug|Any CPU.Build.0 = Debug|Any CPU
		{9880E8C1-F350-43D2-9E88-812BA125A076}.Release|Any CPU.ActiveCfg = Release|Any CPU
		{9880E8C1-F350-43D2-9E88-812BA125A076}.Release|Any CPU.Build.0 = Release|Any CPU
		{F708A586-ADA9-4DE3-96BF-3E763B2E921E}.Debug|Any CPU.ActiveCfg = Debug|Any CPU
		{F708A586-ADA9-4DE3-96BF-3E763B2E921E}.Debug|Any CPU.Build.0 = Debug|Any CPU
		{F708A586-ADA9-4DE3-96BF-3E763B2E921E}.Release|Any CPU.ActiveCfg = Release|Any CPU
		{F708A586-ADA9-4DE3-96BF-3E763B2E921E}.Release|Any CPU.Build.0 = Release|Any CPU
		{B48E3B24-00FB-45D7-96FD-768E46A5043A}.Debug|Any CPU.ActiveCfg = Debug|Any CPU
		{B48E3B24-00FB-45D7-96FD-768E46A5043A}.Debug|Any CPU.Build.0 = Debug|Any CPU
		{B48E3B24-00FB-45D7-96FD-768E46A5043A}.Release|Any CPU.ActiveCfg = Release|Any CPU
		{B48E3B24-00FB-45D7-96FD-768E46A5043A}.Release|Any CPU.Build.0 = Release|Any CPU
		{89210046-FEF2-4339-B93A-82F49C761E2E}.Debug|Any CPU.ActiveCfg = Debug|Any CPU
		{89210046-FEF2-4339-B93A-82F49C761E2E}.Debug|Any CPU.Build.0 = Debug|Any CPU
		{89210046-FEF2-4339-B93A-82F49C761E2E}.Release|Any CPU.ActiveCfg = Release|Any CPU
		{89210046-FEF2-4339-B93A-82F49C761E2E}.Release|Any CPU.Build.0 = Release|Any CPU
	EndGlobalSection
	GlobalSection(NestedProjects) = preSolution
		{F708A586-ADA9-4DE3-96BF-3E763B2E921E} = {4E8C9A1D-1B80-49FA-A5C3-0376C1E7B100}
		{B48E3B24-00FB-45D7-96FD-768E46A5043A} = {4E8C9A1D-1B80-49FA-A5C3-0376C1E7B100}
		{89210046-FEF2-4339-B93A-82F49C761E2E} = {4E8C9A1D-1B80-49FA-A5C3-0376C1E7B100}
	EndGlobalSection
EndGlobal
